
Microsoft Visual Studio Solution File, Format Version 12.00
# Visual Studio Version 17
VisualStudioVersion = 17.6.33829.357
MinimumVisualStudioVersion = 10.0.40219.1
Project("{9A19103F-16F7-4668-BE54-9A1E7A4F7556}") = "BookSite", "BookSite\BookSite.csproj", "{C2841E53-9218-46CE-A2FD-C99FBB9F6ECE}"
EndProject
Project("{FAE04EC0-301F-11D3-BF4B-00C04F79EFBC}") = "Book.Database", "Book.Database\Book.Database.csproj", "{28F25FD8-C5B2-44D7-AAE4-F1045BA94D54}"
EndProject
Project("{FAE04EC0-301F-11D3-BF4B-00C04F79EFBC}") = "Book.Utilities", "Book.Utilities\Book.Utilities.csproj", "{800EDAB7-3359-44AA-91C7-2E20A929C4FE}"
EndProject
Project("{FAE04EC0-301F-11D3-BF4B-00C04F79EFBC}") = "Book.Models", "Book.Models\Book.Models.csproj", "{34641623-6F8E-4E01-88D3-63B7FAFE5B15}"
EndProject
Global
	GlobalSection(SolutionConfigurationPlatforms) = preSolution
		Debug|Any CPU = Debug|Any CPU
		Release|Any CPU = Release|Any CPU
	EndGlobalSection
	GlobalSection(ProjectConfigurationPlatforms) = postSolution
		{C2841E53-9218-46CE-A2FD-C99FBB9F6ECE}.Debug|Any CPU.ActiveCfg = Debug|Any CPU
		{C2841E53-9218-46CE-A2FD-C99FBB9F6ECE}.Debug|Any CPU.Build.0 = Debug|Any CPU
		{C2841E53-9218-46CE-A2FD-C99FBB9F6ECE}.Release|Any CPU.ActiveCfg = Release|Any CPU
		{C2841E53-9218-46CE-A2FD-C99FBB9F6ECE}.Release|Any CPU.Build.0 = Release|Any CPU
		{28F25FD8-C5B2-44D7-AAE4-F1045BA94D54}.Debug|Any CPU.ActiveCfg = Debug|Any CPU
		{28F25FD8-C5B2-44D7-AAE4-F1045BA94D54}.Debug|Any CPU.Build.0 = Debug|Any CPU
		{28F25FD8-C5B2-44D7-AAE4-F1045BA94D54}.Release|Any CPU.ActiveCfg = Release|Any CPU
		{28F25FD8-C5B2-44D7-AAE4-F1045BA94D54}.Release|Any CPU.Build.0 = Release|Any CPU
		{800EDAB7-3359-44AA-91C7-2E20A929C4FE}.Debug|Any CPU.ActiveCfg = Debug|Any CPU
		{800EDAB7-3359-44AA-91C7-2E20A929C4FE}.Debug|Any CPU.Build.0 = Debug|Any CPU
		{800EDAB7-3359-44AA-91C7-2E20A929C4FE}.Release|Any CPU.ActiveCfg = Release|Any CPU
		{800EDAB7-3359-44AA-91C7-2E20A929C4FE}.Release|Any CPU.Build.0 = Release|Any CPU
		{34641623-6F8E-4E01-88D3-63B7FAFE5B15}.Debug|Any CPU.ActiveCfg = Debug|Any CPU
		{34641623-6F8E-4E01-88D3-63B7FAFE5B15}.Debug|Any CPU.Build.0 = Debug|Any CPU
		{34641623-6F8E-4E01-88D3-63B7FAFE5B15}.Release|Any CPU.ActiveCfg = Release|Any CPU
		{34641623-6F8E-4E01-88D3-63B7FAFE5B15}.Release|Any CPU.Build.0 = Release|Any CPU
	EndGlobalSection
	GlobalSection(SolutionProperties) = preSolution
		HideSolutionNode = FALSE
	EndGlobalSection
	GlobalSection(ExtensibilityGlobals) = postSolution
		SolutionGuid = {057E332C-E222-407B-A196-806CCC607ACF}
	EndGlobalSection
EndGlobal
